
Microsoft Visual Studio Solution File, Format Version 12.00
# Visual Studio 15
VisualStudioVersion = 15.0.27004.2006
MinimumVisualStudioVersion = 10.0.40219.1
Project("{FAE04EC0-301F-11D3-BF4B-00C04F79EFBC}") = "CarDealer.Web", "CarDealer\CarDealer.Web.csproj", "{AB09A18E-5063-4532-9305-ECE695956BEA}"
EndProject
Project("{FAE04EC0-301F-11D3-BF4B-00C04F79EFBC}") = "CarDealer.Data", "CarDealer.Data\CarDealer.Data.csproj", "{0E7D73C5-5641-4032-A644-81C5F5A16B03}"
EndProject
Project("{FAE04EC0-301F-11D3-BF4B-00C04F79EFBC}") = "CarDealer.Services", "CarDealer.Services\CarDealer.Services.csproj", "{ACC965A2-759D-4046-970D-03207CE3B51C}"
EndProject
Global
	GlobalSection(SolutionConfigurationPlatforms) = preSolution
		Debug|Any CPU = Debug|Any CPU
		Release|Any CPU = Release|Any CPU
	EndGlobalSection
	GlobalSection(ProjectConfigurationPlatforms) = postSolution
		{AB09A18E-5063-4532-9305-ECE695956BEA}.Debug|Any CPU.ActiveCfg = Debug|Any CPU
		{AB09A18E-5063-4532-9305-ECE695956BEA}.Debug|Any CPU.Build.0 = Debug|Any CPU
		{AB09A18E-5063-4532-9305-ECE695956BEA}.Release|Any CPU.ActiveCfg = Release|Any CPU
		{AB09A18E-5063-4532-9305-ECE695956BEA}.Release|Any CPU.Build.0 = Release|Any CPU
		{0E7D73C5-5641-4032-A644-81C5F5A16B03}.Debug|Any CPU.ActiveCfg = Debug|Any CPU
		{0E7D73C5-5641-4032-A644-81C5F5A16B03}.Debug|Any CPU.Build.0 = Debug|Any CPU
		{0E7D73C5-5641-4032-A644-81C5F5A16B03}.Release|Any CPU.ActiveCfg = Release|Any CPU
		{0E7D73C5-5641-4032-A644-81C5F5A16B03}.Release|Any CPU.Build.0 = Release|Any CPU
		{ACC965A2-759D-4046-970D-03207CE3B51C}.Debug|Any CPU.ActiveCfg = Debug|Any CPU
		{ACC965A2-759D-4046-970D-03207CE3B51C}.Debug|Any CPU.Build.0 = Debug|Any CPU
		{ACC965A2-759D-4046-970D-03207CE3B51C}.Release|Any CPU.ActiveCfg = Release|Any CPU
		{ACC965A2-759D-4046-970D-03207CE3B51C}.Release|Any CPU.Build.0 = Release|Any CPU
	EndGlobalSection
	GlobalSection(SolutionProperties) = preSolution
		HideSolutionNode = FALSE
	EndGlobalSection
	GlobalSection(ExtensibilityGlobals) = postSolution
		SolutionGuid = {FF65978D-1977-440B-A370-663D1EB05F47}
	EndGlobalSection
EndGlobal
